
Microsoft Visual Studio Solution File, Format Version 12.00
# Visual Studio Version 17
VisualStudioVersion = 17.12.35527.113
MinimumVisualStudioVersion = 10.0.40219.1
Project("{9A19103F-16F7-4668-BE54-9A1E7A4F7556}") = "PCL2.Neo", "PCL2.Neo\PCL2.Neo.csproj", "{AF527853-D92E-44CE-A3EB-1E308C4FBFE2}"
EndProject
Global
	GlobalSection(SolutionConfigurationPlatforms) = preSolution
		Debug|Any CPU = Debug|Any CPU
		Release|Any CPU = Release|Any CPU
	EndGlobalSection
	GlobalSection(ProjectConfigurationPlatforms) = postSolution
		{AF527853-D92E-44CE-A3EB-1E308C4FBFE2}.Debug|Any CPU.ActiveCfg = Debug|Any CPU
		{AF527853-D92E-44CE-A3EB-1E308C4FBFE2}.Debug|Any CPU.Build.0 = Debug|Any CPU
		{AF527853-D92E-44CE-A3EB-1E308C4FBFE2}.Release|Any CPU.ActiveCfg = Release|Any CPU
		{AF527853-D92E-44CE-A3EB-1E308C4FBFE2}.Release|Any CPU.Build.0 = Release|Any CPU
	EndGlobalSection
	GlobalSection(SolutionProperties) = preSolution
		HideSolutionNode = FALSE
	EndGlobalSection
	GlobalSection(ExtensibilityGlobals) = postSolution
		SolutionGuid = {5AD8CF9F-4D99-4396-B0AE-1F7B70B3F96B}
	EndGlobalSection
EndGlobal
